
Microsoft Visual Studio Solution File, Format Version 12.00
# Visual Studio Version 16
VisualStudioVersion = 16.0.30621.155
MinimumVisualStudioVersion = 10.0.40219.1
Project("{FAE04EC0-301F-11D3-BF4B-00C04F79EFBC}") = "Krig", "Krig\Krig.csproj", "{F4669983-2EBC-4B6D-9EA7-9CF46E64CB76}"
EndProject
Global
	GlobalSection(SolutionConfigurationPlatforms) = preSolution
		Debug|Any CPU = Debug|Any CPU
		Release|Any CPU = Release|Any CPU
	EndGlobalSection
	GlobalSection(ProjectConfigurationPlatforms) = postSolution
		{F4669983-2EBC-4B6D-9EA7-9CF46E64CB76}.Debug|Any CPU.ActiveCfg = Debug|Any CPU
		{F4669983-2EBC-4B6D-9EA7-9CF46E64CB76}.Debug|Any CPU.Build.0 = Debug|Any CPU
		{F4669983-2EBC-4B6D-9EA7-9CF46E64CB76}.Release|Any CPU.ActiveCfg = Release|Any CPU
		{F4669983-2EBC-4B6D-9EA7-9CF46E64CB76}.Release|Any CPU.Build.0 = Release|Any CPU
	EndGlobalSection
	GlobalSection(SolutionProperties) = preSolution
		HideSolutionNode = FALSE
	EndGlobalSection
	GlobalSection(ExtensibilityGlobals) = postSolution
		SolutionGuid = {09F30BB1-E806-4806-995F-5D9993477E59}
	EndGlobalSection
EndGlobal
